
Microsoft Visual Studio Solution File, Format Version 12.00
# Visual Studio Version 16
VisualStudioVersion = 16.0.31515.178
MinimumVisualStudioVersion = 10.0.40219.1
Project("{FAE04EC0-301F-11D3-BF4B-00C04F79EFBC}") = "Notepad.UWP", "Notepad\Notepad.UWP\Notepad.UWP.csproj", "{8AE75675-AF80-4A61-828D-FF4B6EBB6A87}"
EndProject
Project("{FAE04EC0-301F-11D3-BF4B-00C04F79EFBC}") = "Notepad.Android", "Notepad\Notepad.Android\Notepad.Android.csproj", "{BB9E4404-D18D-4E4F-808D-557CE6098A8F}"
EndProject
Project("{9A19103F-16F7-4668-BE54-9A1E7A4F7556}") = "Notepad", "Notepad\Notepad\Notepad.csproj", "{9A1D91BD-BF28-4CFC-906E-0C464A6DBFD2}"
EndProject
Project("{FAE04EC0-301F-11D3-BF4B-00C04F79EFBC}") = "Notepad.Test", "Notepad.Test\Notepad.Test.csproj", "{2D2DEF0D-CF4D-42AE-A3E1-1B1A11ADBBF8}"
EndProject
Global
	GlobalSection(SolutionConfigurationPlatforms) = preSolution
		Debug|Any CPU = Debug|Any CPU
		Debug|ARM = Debug|ARM
		Debug|ARM64 = Debug|ARM64
		Debug|x64 = Debug|x64
		Debug|x86 = Debug|x86
		Release|Any CPU = Release|Any CPU
		Release|ARM = Release|ARM
		Release|ARM64 = Release|ARM64
		Release|x64 = Release|x64
		Release|x86 = Release|x86
	EndGlobalSection
	GlobalSection(ProjectConfigurationPlatforms) = postSolution
		{8AE75675-AF80-4A61-828D-FF4B6EBB6A87}.Debug|Any CPU.ActiveCfg = Debug|x86
		{8AE75675-AF80-4A61-828D-FF4B6EBB6A87}.Debug|Any CPU.Build.0 = Debug|x86
		{8AE75675-AF80-4A61-828D-FF4B6EBB6A87}.Debug|Any CPU.Deploy.0 = Debug|x86
		{8AE75675-AF80-4A61-828D-FF4B6EBB6A87}.Debug|ARM.ActiveCfg = Debug|ARM
		{8AE75675-AF80-4A61-828D-FF4B6EBB6A87}.Debug|ARM.Build.0 = Debug|ARM
		{8AE75675-AF80-4A61-828D-FF4B6EBB6A87}.Debug|ARM.Deploy.0 = Debug|ARM
		{8AE75675-AF80-4A61-828D-FF4B6EBB6A87}.Debug|ARM64.ActiveCfg = Debug|x86
		{8AE75675-AF80-4A61-828D-FF4B6EBB6A87}.Debug|x64.ActiveCfg = Debug|x64
		{8AE75675-AF80-4A61-828D-FF4B6EBB6A87}.Debug|x64.Build.0 = Debug|x64
		{8AE75675-AF80-4A61-828D-FF4B6EBB6A87}.Debug|x64.Deploy.0 = Debug|x64
		{8AE75675-AF80-4A61-828D-FF4B6EBB6A87}.Debug|x86.ActiveCfg = Debug|x86
		{8AE75675-AF80-4A61-828D-FF4B6EBB6A87}.Debug|x86.Build.0 = Debug|x86
		{8AE75675-AF80-4A61-828D-FF4B6EBB6A87}.Debug|x86.Deploy.0 = Debug|x86
		{8AE75675-AF80-4A61-828D-FF4B6EBB6A87}.Release|Any CPU.ActiveCfg = Release|x86
		{8AE75675-AF80-4A61-828D-FF4B6EBB6A87}.Release|Any CPU.Build.0 = Release|x86
		{8AE75675-AF80-4A61-828D-FF4B6EBB6A87}.Release|Any CPU.Deploy.0 = Release|x86
		{8AE75675-AF80-4A61-828D-FF4B6EBB6A87}.Release|ARM.ActiveCfg = Release|ARM
		{8AE75675-AF80-4A61-828D-FF4B6EBB6A87}.Release|ARM.Build.0 = Release|ARM
		{8AE75675-AF80-4A61-828D-FF4B6EBB6A87}.Release|ARM.Deploy.0 = Release|ARM
		{8AE75675-AF80-4A61-828D-FF4B6EBB6A87}.Release|ARM64.ActiveCfg = Release|x86
		{8AE75675-AF80-4A61-828D-FF4B6EBB6A87}.Release|x64.ActiveCfg = Release|x64
		{8AE75675-AF80-4A61-828D-FF4B6EBB6A87}.Release|x64.Build.0 = Release|x64
		{8AE75675-AF80-4A61-828D-FF4B6EBB6A87}.Release|x64.Deploy.0 = Release|x64
		{8AE75675-AF80-4A61-828D-FF4B6EBB6A87}.Release|x86.ActiveCfg = Release|x86
		{8AE75675-AF80-4A61-828D-FF4B6EBB6A87}.Release|x86.Build.0 = Release|x86
		{8AE75675-AF80-4A61-828D-FF4B6EBB6A87}.Release|x86.Deploy.0 = Release|x86
		{BB9E4404-D18D-4E4F-808D-557CE6098A8F}.Debug|Any CPU.ActiveCfg = Debug|Any CPU
		{BB9E4404-D18D-4E4F-808D-557CE6098A8F}.Debug|Any CPU.Build.0 = Debug|Any CPU
		{BB9E4404-D18D-4E4F-808D-557CE6098A8F}.Debug|Any CPU.Deploy.0 = Debug|Any CPU
		{BB9E4404-D18D-4E4F-808D-557CE6098A8F}.Debug|ARM.ActiveCfg = Debug|Any CPU
		{BB9E4404-D18D-4E4F-808D-557CE6098A8F}.Debug|ARM.Build.0 = Debug|Any CPU
		{BB9E4404-D18D-4E4F-808D-557CE6098A8F}.Debug|ARM.Deploy.0 = Debug|Any CPU
		{BB9E4404-D18D-4E4F-808D-557CE6098A8F}.Debug|ARM64.ActiveCfg = Debug|Any CPU
		{BB9E4404-D18D-4E4F-808D-557CE6098A8F}.Debug|ARM64.Build.0 = Debug|Any CPU
		{BB9E4404-D18D-4E4F-808D-557CE6098A8F}.Debug|ARM64.Deploy.0 = Debug|Any CPU
		{BB9E4404-D18D-4E4F-808D-557CE6098A8F}.Debug|x64.ActiveCfg = Debug|Any CPU
		{BB9E4404-D18D-4E4F-808D-557CE6098A8F}.Debug|x64.Build.0 = Debug|Any CPU
		{BB9E4404-D18D-4E4F-808D-557CE6098A8F}.Debug|x64.Deploy.0 = Debug|Any CPU
		{BB9E4404-D18D-4E4F-808D-557CE6098A8F}.Debug|x86.ActiveCfg = Debug|Any CPU
		{BB9E4404-D18D-4E4F-808D-557CE6098A8F}.Debug|x86.Build.0 = Debug|Any CPU
		{BB9E4404-D18D-4E4F-808D-557CE6098A8F}.Debug|x86.Deploy.0 = Debug|Any CPU
		{BB9E4404-D18D-4E4F-808D-557CE6098A8F}.Release|Any CPU.ActiveCfg = Release|Any CPU
		{BB9E4404-D18D-4E4F-808D-557CE6098A8F}.Release|Any CPU.Build.0 = Release|Any CPU
		{BB9E4404-D18D-4E4F-808D-557CE6098A8F}.Release|Any CPU.Deploy.0 = Release|Any CPU
		{BB9E4404-D18D-4E4F-808D-557CE6098A8F}.Release|ARM.ActiveCfg = Release|Any CPU
		{BB9E4404-D18D-4E4F-808D-557CE6098A8F}.Release|ARM.Build.0 = Release|Any CPU
		{BB9E4404-D18D-4E4F-808D-557CE6098A8F}.Release|ARM.Deploy.0 = Release|Any CPU
		{BB9E4404-D18D-4E4F-808D-557CE6098A8F}.Release|ARM64.ActiveCfg = Release|Any CPU
		{BB9E4404-D18D-4E4F-808D-557CE6098A8F}.Release|ARM64.Build.0 = Release|Any CPU
		{BB9E4404-D18D-4E4F-808D-557CE6098A8F}.Release|ARM64.Deploy.0 = Release|Any CPU
		{BB9E4404-D18D-4E4F-808D-557CE6098A8F}.Release|x64.ActiveCfg = Release|Any CPU
		{BB9E4404-D18D-4E4F-808D-557CE6098A8F}.Release|x64.Build.0 = Release|Any CPU
		{BB9E4404-D18D-4E4F-808D-557CE6098A8F}.Release|x64.Deploy.0 = Release|Any CPU
		{BB9E4404-D18D-4E4F-808D-557CE6098A8F}.Release|x86.ActiveCfg = Release|Any CPU
		{BB9E4404-D18D-4E4F-808D-557CE6098A8F}.Release|x86.Build.0 = Release|Any CPU
		{BB9E4404-D18D-4E4F-808D-557CE6098A8F}.Release|x86.Deploy.0 = Release|Any CPU
		{9A1D91BD-BF28-4CFC-906E-0C464A6DBFD2}.Debug|Any CPU.ActiveCfg = Debug|Any CPU
		{9A1D91BD-BF28-4CFC-906E-0C464A6DBFD2}.Debug|Any CPU.Build.0 = Debug|Any CPU
		{9A1D91BD-BF28-4CFC-906E-0C464A6DBFD2}.Debug|Any CPU.Deploy.0 = Debug|Any CPU
		{9A1D91BD-BF28-4CFC-906E-0C464A6DBFD2}.Debug|ARM.ActiveCfg = Debug|Any CPU
		{9A1D91BD-BF28-4CFC-906E-0C464A6DBFD2}.Debug|ARM.Build.0 = Debug|Any CPU
		{9A1D91BD-BF28-4CFC-906E-0C464A6DBFD2}.Debug|ARM.Deploy.0 = Debug|Any CPU
		{9A1D91BD-BF28-4CFC-906E-0C464A6DBFD2}.Debug|ARM64.ActiveCfg = Debug|Any CPU
		{9A1D91BD-BF28-4CFC-906E-0C464A6DBFD2}.Debug|ARM64.Build.0 = Debug|Any CPU
		{9A1D91BD-BF28-4CFC-906E-0C464A6DBFD2}.Debug|x64.ActiveCfg = Debug|Any CPU
		{9A1D91BD-BF28-4CFC-906E-0C464A6DBFD2}.Debug|x64.Build.0 = Debug|Any CPU
		{9A1D91BD-BF28-4CFC-906E-0C464A6DBFD2}.Debug|x64.Deploy.0 = Debug|Any CPU
		{9A1D91BD-BF28-4CFC-906E-0C464A6DBFD2}.Debug|x86.ActiveCfg = Debug|Any CPU
		{9A1D91BD-BF28-4CFC-906E-0C464A6DBFD2}.Debug|x86.Build.0 = Debug|Any CPU
		{9A1D91BD-BF28-4CFC-906E-0C464A6DBFD2}.Debug|x86.Deploy.0 = Debug|Any CPU
		{9A1D91BD-BF28-4CFC-906E-0C464A6DBFD2}.Release|Any CPU.ActiveCfg = Release|Any CPU
		{9A1D91BD-BF28-4CFC-906E-0C464A6DBFD2}.Release|Any CPU.Build.0 = Release|Any CPU
		{9A1D91BD-BF28-4CFC-906E-0C464A6DBFD2}.Release|Any CPU.Deploy.0 = Release|Any CPU
		{9A1D91BD-BF28-4CFC-906E-0C464A6DBFD2}.Release|ARM.ActiveCfg = Release|Any CPU
		{9A1D91BD-BF28-4CFC-906E-0C464A6DBFD2}.Release|ARM.Build.0 = Release|Any CPU
		{9A1D91BD-BF28-4CFC-906E-0C464A6DBFD2}.Release|ARM.Deploy.0 = Release|Any CPU
		{9A1D91BD-BF28-4CFC-906E-0C464A6DBFD2}.Release|ARM64.ActiveCfg = Release|Any CPU
		{9A1D91BD-BF28-4CFC-906E-0C464A6DBFD2}.Release|ARM64.Build.0 = Release|Any CPU
		{9A1D91BD-BF28-4CFC-906E-0C464A6DBFD2}.Release|x64.ActiveCfg = Release|Any CPU
		{9A1D91BD-BF28-4CFC-906E-0C464A6DBFD2}.Release|x64.Build.0 = Release|Any CPU
		{9A1D91BD-BF28-4CFC-906E-0C464A6DBFD2}.Release|x64.Deploy.0 = Release|Any CPU
		{9A1D91BD-BF28-4CFC-906E-0C464A6DBFD2}.Release|x86.ActiveCfg = Release|Any CPU
		{9A1D91BD-BF28-4CFC-906E-0C464A6DBFD2}.Release|x86.Build.0 = Release|Any CPU
		{9A1D91BD-BF28-4CFC-906E-0C464A6DBFD2}.Release|x86.Deploy.0 = Release|Any CPU
		{2D2DEF0D-CF4D-42AE-A3E1-1B1A11ADBBF8}.Debug|Any CPU.ActiveCfg = Debug|Any CPU
		{2D2DEF0D-CF4D-42AE-A3E1-1B1A11ADBBF8}.Debug|Any CPU.Build.0 = Debug|Any CPU
		{2D2DEF0D-CF4D-42AE-A3E1-1B1A11ADBBF8}.Debug|ARM.ActiveCfg = Debug|Any CPU
		{2D2DEF0D-CF4D-42AE-A3E1-1B1A11ADBBF8}.Debug|ARM.Build.0 = Debug|Any CPU
		{2D2DEF0D-CF4D-42AE-A3E1-1B1A11ADBBF8}.Debug|ARM64.ActiveCfg = Debug|Any CPU
		{2D2DEF0D-CF4D-42AE-A3E1-1B1A11ADBBF8}.Debug|ARM64.Build.0 = Debug|Any CPU
		{2D2DEF0D-CF4D-42AE-A3E1-1B1A11ADBBF8}.Debug|x64.ActiveCfg = Debug|Any CPU
		{2D2DEF0D-CF4D-42AE-A3E1-1B1A11ADBBF8}.Debug|x64.Build.0 = Debug|Any CPU
		{2D2DEF0D-CF4D-42AE-A3E1-1B1A11ADBBF8}.Debug|x86.ActiveCfg = Debug|Any CPU
		{2D2DEF0D-CF4D-42AE-A3E1-1B1A11ADBBF8}.Debug|x86.Build.0 = Debug|Any CPU
		{2D2DEF0D-CF4D-42AE-A3E1-1B1A11ADBBF8}.Release|Any CPU.ActiveCfg = Release|Any CPU
		{2D2DEF0D-CF4D-42AE-A3E1-1B1A11ADBBF8}.Release|Any CPU.Build.0 = Release|Any CPU
		{2D2DEF0D-CF4D-42AE-A3E1-1B1A11ADBBF8}.Release|ARM.ActiveCfg = Release|Any CPU
		{2D2DEF0D-CF4D-42AE-A3E1-1B1A11ADBBF8}.Release|ARM.Build.0 = Release|Any CPU
		{2D2DEF0D-CF4D-42AE-A3E1-1B1A11ADBBF8}.Release|ARM64.ActiveCfg = Release|Any CPU
		{2D2DEF0D-CF4D-42AE-A3E1-1B1A11ADBBF8}.Release|ARM64.Build.0 = Release|Any CPU
		{2D2DEF0D-CF4D-42AE-A3E1-1B1A11ADBBF8}.Release|x64.ActiveCfg = Release|Any CPU
		{2D2DEF0D-CF4D-42AE-A3E1-1B1A11ADBBF8}.Release|x64.Build.0 = Release|Any CPU
		{2D2DEF0D-CF4D-42AE-A3E1-1B1A11ADBBF8}.Release|x86.ActiveCfg = Release|Any CPU
		{2D2DEF0D-CF4D-42AE-A3E1-1B1A11ADBBF8}.Release|x86.Build.0 = Release|Any CPU
	EndGlobalSection
	GlobalSection(SolutionProperties) = preSolution
		HideSolutionNode = FALSE
	EndGlobalSection
	GlobalSection(ExtensibilityGlobals) = postSolution
		SolutionGuid = {E5539CEC-1D70-4D3E-B591-33A56E32B928}
	EndGlobalSection
EndGlobal
